
Microsoft Visual Studio Solution File, Format Version 12.00
# Visual Studio Version 16
VisualStudioVersion = 16.0.31205.134
MinimumVisualStudioVersion = 10.0.40219.1
Project("{FAE04EC0-301F-11D3-BF4B-00C04F79EFBC}") = "Phy.EfBulk", "Phy.EfBulk\Phy.EfBulk.csproj", "{3BEA175B-C774-4E33-BECE-E6D090FA67E0}"
EndProject
Project("{2150E333-8FDC-42A3-9474-1A3956D46DE8}") = "src", "src", "{E3E6FD74-6987-4DE5-B074-9600AFC1062E}"
EndProject
Project("{2150E333-8FDC-42A3-9474-1A3956D46DE8}") = "test", "test", "{630D0DE6-2E8A-451B-9793-A539B2A0B636}"
EndProject
Project("{FAE04EC0-301F-11D3-BF4B-00C04F79EFBC}") = "Phy.EfBulk.MySqlTest", "Phy.EfBulk.MySqlTest\Phy.EfBulk.MySqlTest.csproj", "{0E79DF46-9B34-4EA9-B92F-3202286EF742}"
EndProject
Project("{FAE04EC0-301F-11D3-BF4B-00C04F79EFBC}") = "Phy.EfBulk.TestDb", "Phy.EfBulk.TestDb\Phy.EfBulk.TestDb.csproj", "{392D40F4-229A-4432-A5BD-C87ABE71EB11}"
EndProject
Project("{2150E333-8FDC-42A3-9474-1A3956D46DE8}") = "MySql", "MySql", "{40B4F161-4987-47D7-A924-9A34902453BA}"
EndProject
Project("{FAE04EC0-301F-11D3-BF4B-00C04F79EFBC}") = "Phy.EfBulk.MySqlMigration", "Phy.EfBulk.MySqlMigration\Phy.EfBulk.MySqlMigration.csproj", "{58D90F2F-57F7-4DDC-99B7-E855C89E2341}"
EndProject
Project("{2150E333-8FDC-42A3-9474-1A3956D46DE8}") = "MsSql", "MsSql", "{D1093BA9-F8F1-448F-9990-F7288E71FF49}"
EndProject
Project("{2150E333-8FDC-42A3-9474-1A3956D46DE8}") = "SqlLite", "SqlLite", "{C2EA1853-63C9-475D-8AE0-92EA1955A857}"
EndProject
Global
	GlobalSection(SolutionConfigurationPlatforms) = preSolution
		Debug|Any CPU = Debug|Any CPU
		Release|Any CPU = Release|Any CPU
	EndGlobalSection
	GlobalSection(ProjectConfigurationPlatforms) = postSolution
		{3BEA175B-C774-4E33-BECE-E6D090FA67E0}.Debug|Any CPU.ActiveCfg = Debug|Any CPU
		{3BEA175B-C774-4E33-BECE-E6D090FA67E0}.Debug|Any CPU.Build.0 = Debug|Any CPU
		{3BEA175B-C774-4E33-BECE-E6D090FA67E0}.Release|Any CPU.ActiveCfg = Release|Any CPU
		{3BEA175B-C774-4E33-BECE-E6D090FA67E0}.Release|Any CPU.Build.0 = Release|Any CPU
		{0E79DF46-9B34-4EA9-B92F-3202286EF742}.Debug|Any CPU.ActiveCfg = Debug|Any CPU
		{0E79DF46-9B34-4EA9-B92F-3202286EF742}.Debug|Any CPU.Build.0 = Debug|Any CPU
		{0E79DF46-9B34-4EA9-B92F-3202286EF742}.Release|Any CPU.ActiveCfg = Release|Any CPU
		{0E79DF46-9B34-4EA9-B92F-3202286EF742}.Release|Any CPU.Build.0 = Release|Any CPU
		{392D40F4-229A-4432-A5BD-C87ABE71EB11}.Debug|Any CPU.ActiveCfg = Debug|Any CPU
		{392D40F4-229A-4432-A5BD-C87ABE71EB11}.Debug|Any CPU.Build.0 = Debug|Any CPU
		{392D40F4-229A-4432-A5BD-C87ABE71EB11}.Release|Any CPU.ActiveCfg = Release|Any CPU
		{392D40F4-229A-4432-A5BD-C87ABE71EB11}.Release|Any CPU.Build.0 = Release|Any CPU
		{58D90F2F-57F7-4DDC-99B7-E855C89E2341}.Debug|Any CPU.ActiveCfg = Debug|Any CPU
		{58D90F2F-57F7-4DDC-99B7-E855C89E2341}.Debug|Any CPU.Build.0 = Debug|Any CPU
		{58D90F2F-57F7-4DDC-99B7-E855C89E2341}.Release|Any CPU.ActiveCfg = Release|Any CPU
		{58D90F2F-57F7-4DDC-99B7-E855C89E2341}.Release|Any CPU.Build.0 = Release|Any CPU
	EndGlobalSection
	GlobalSection(SolutionProperties) = preSolution
		HideSolutionNode = FALSE
	EndGlobalSection
	GlobalSection(NestedProjects) = preSolution
		{3BEA175B-C774-4E33-BECE-E6D090FA67E0} = {E3E6FD74-6987-4DE5-B074-9600AFC1062E}
		{0E79DF46-9B34-4EA9-B92F-3202286EF742} = {40B4F161-4987-47D7-A924-9A34902453BA}
		{392D40F4-229A-4432-A5BD-C87ABE71EB11} = {630D0DE6-2E8A-451B-9793-A539B2A0B636}
		{40B4F161-4987-47D7-A924-9A34902453BA} = {630D0DE6-2E8A-451B-9793-A539B2A0B636}
		{58D90F2F-57F7-4DDC-99B7-E855C89E2341} = {40B4F161-4987-47D7-A924-9A34902453BA}
		{D1093BA9-F8F1-448F-9990-F7288E71FF49} = {630D0DE6-2E8A-451B-9793-A539B2A0B636}
		{C2EA1853-63C9-475D-8AE0-92EA1955A857} = {630D0DE6-2E8A-451B-9793-A539B2A0B636}
	EndGlobalSection
	GlobalSection(ExtensibilityGlobals) = postSolution
		SolutionGuid = {F8199CDF-0982-4FB6-AE2F-09AE2058BC52}
	EndGlobalSection
EndGlobal
